
Microsoft Visual Studio Solution File, Format Version 12.00
# Visual Studio 15
VisualStudioVersion = 15.0.26124.0
MinimumVisualStudioVersion = 15.0.26124.0
Project("{FAE04EC0-301F-11D3-BF4B-00C04F79EFBC}") = "Fansoft.Store.Api", "Fansoft.Store.Api\Fansoft.Store.Api.csproj", "{1F63163B-548D-44A0-B864-C4AEA67015C9}"
EndProject
Project("{FAE04EC0-301F-11D3-BF4B-00C04F79EFBC}") = "Fansoft.Store.Domain", "Fansoft.Store.Domain\Fansoft.Store.Domain.csproj", "{29BED1E7-ED26-408B-AF78-A898BE87FF82}"
EndProject
Project("{FAE04EC0-301F-11D3-BF4B-00C04F79EFBC}") = "Fansoft.Store.Data", "Fansoft.Store.Data\Fansoft.Store.Data.csproj", "{C502DB2F-17AF-4948-B24D-67C5E5CE2B88}"
EndProject
Project("{FAE04EC0-301F-11D3-BF4B-00C04F79EFBC}") = "Fansoft.Store.IoCDI", "Fansoft.Store.IoCDI\Fansoft.Store.IoCDI.csproj", "{87651512-2C32-4305-8780-E08F5E7B10DC}"
EndProject
Global
	GlobalSection(SolutionConfigurationPlatforms) = preSolution
		Debug|Any CPU = Debug|Any CPU
		Debug|x64 = Debug|x64
		Debug|x86 = Debug|x86
		Release|Any CPU = Release|Any CPU
		Release|x64 = Release|x64
		Release|x86 = Release|x86
	EndGlobalSection
	GlobalSection(SolutionProperties) = preSolution
		HideSolutionNode = FALSE
	EndGlobalSection
	GlobalSection(ProjectConfigurationPlatforms) = postSolution
		{1F63163B-548D-44A0-B864-C4AEA67015C9}.Debug|Any CPU.ActiveCfg = Debug|Any CPU
		{1F63163B-548D-44A0-B864-C4AEA67015C9}.Debug|Any CPU.Build.0 = Debug|Any CPU
		{1F63163B-548D-44A0-B864-C4AEA67015C9}.Debug|x64.ActiveCfg = Debug|Any CPU
		{1F63163B-548D-44A0-B864-C4AEA67015C9}.Debug|x64.Build.0 = Debug|Any CPU
		{1F63163B-548D-44A0-B864-C4AEA67015C9}.Debug|x86.ActiveCfg = Debug|Any CPU
		{1F63163B-548D-44A0-B864-C4AEA67015C9}.Debug|x86.Build.0 = Debug|Any CPU
		{1F63163B-548D-44A0-B864-C4AEA67015C9}.Release|Any CPU.ActiveCfg = Release|Any CPU
		{1F63163B-548D-44A0-B864-C4AEA67015C9}.Release|Any CPU.Build.0 = Release|Any CPU
		{1F63163B-548D-44A0-B864-C4AEA67015C9}.Release|x64.ActiveCfg = Release|Any CPU
		{1F63163B-548D-44A0-B864-C4AEA67015C9}.Release|x64.Build.0 = Release|Any CPU
		{1F63163B-548D-44A0-B864-C4AEA67015C9}.Release|x86.ActiveCfg = Release|Any CPU
		{1F63163B-548D-44A0-B864-C4AEA67015C9}.Release|x86.Build.0 = Release|Any CPU
		{29BED1E7-ED26-408B-AF78-A898BE87FF82}.Debug|Any CPU.ActiveCfg = Debug|Any CPU
		{29BED1E7-ED26-408B-AF78-A898BE87FF82}.Debug|Any CPU.Build.0 = Debug|Any CPU
		{29BED1E7-ED26-408B-AF78-A898BE87FF82}.Debug|x64.ActiveCfg = Debug|Any CPU
		{29BED1E7-ED26-408B-AF78-A898BE87FF82}.Debug|x64.Build.0 = Debug|Any CPU
		{29BED1E7-ED26-408B-AF78-A898BE87FF82}.Debug|x86.ActiveCfg = Debug|Any CPU
		{29BED1E7-ED26-408B-AF78-A898BE87FF82}.Debug|x86.Build.0 = Debug|Any CPU
		{29BED1E7-ED26-408B-AF78-A898BE87FF82}.Release|Any CPU.ActiveCfg = Release|Any CPU
		{29BED1E7-ED26-408B-AF78-A898BE87FF82}.Release|Any CPU.Build.0 = Release|Any CPU
		{29BED1E7-ED26-408B-AF78-A898BE87FF82}.Release|x64.ActiveCfg = Release|Any CPU
		{29BED1E7-ED26-408B-AF78-A898BE87FF82}.Release|x64.Build.0 = Release|Any CPU
		{29BED1E7-ED26-408B-AF78-A898BE87FF82}.Release|x86.ActiveCfg = Release|Any CPU
		{29BED1E7-ED26-408B-AF78-A898BE87FF82}.Release|x86.Build.0 = Release|Any CPU
		{C502DB2F-17AF-4948-B24D-67C5E5CE2B88}.Debug|Any CPU.ActiveCfg = Debug|Any CPU
		{C502DB2F-17AF-4948-B24D-67C5E5CE2B88}.Debug|Any CPU.Build.0 = Debug|Any CPU
		{C502DB2F-17AF-4948-B24D-67C5E5CE2B88}.Debug|x64.ActiveCfg = Debug|Any CPU
		{C502DB2F-17AF-4948-B24D-67C5E5CE2B88}.Debug|x64.Build.0 = Debug|Any CPU
		{C502DB2F-17AF-4948-B24D-67C5E5CE2B88}.Debug|x86.ActiveCfg = Debug|Any CPU
		{C502DB2F-17AF-4948-B24D-67C5E5CE2B88}.Debug|x86.Build.0 = Debug|Any CPU
		{C502DB2F-17AF-4948-B24D-67C5E5CE2B88}.Release|Any CPU.ActiveCfg = Release|Any CPU
		{C502DB2F-17AF-4948-B24D-67C5E5CE2B88}.Release|Any CPU.Build.0 = Release|Any CPU
		{C502DB2F-17AF-4948-B24D-67C5E5CE2B88}.Release|x64.ActiveCfg = Release|Any CPU
		{C502DB2F-17AF-4948-B24D-67C5E5CE2B88}.Release|x64.Build.0 = Release|Any CPU
		{C502DB2F-17AF-4948-B24D-67C5E5CE2B88}.Release|x86.ActiveCfg = Release|Any CPU
		{C502DB2F-17AF-4948-B24D-67C5E5CE2B88}.Release|x86.Build.0 = Release|Any CPU
		{87651512-2C32-4305-8780-E08F5E7B10DC}.Debug|Any CPU.ActiveCfg = Debug|Any CPU
		{87651512-2C32-4305-8780-E08F5E7B10DC}.Debug|Any CPU.Build.0 = Debug|Any CPU
		{87651512-2C32-4305-8780-E08F5E7B10DC}.Debug|x64.ActiveCfg = Debug|Any CPU
		{87651512-2C32-4305-8780-E08F5E7B10DC}.Debug|x64.Build.0 = Debug|Any CPU
		{87651512-2C32-4305-8780-E08F5E7B10DC}.Debug|x86.ActiveCfg = Debug|Any CPU
		{87651512-2C32-4305-8780-E08F5E7B10DC}.Debug|x86.Build.0 = Debug|Any CPU
		{87651512-2C32-4305-8780-E08F5E7B10DC}.Release|Any CPU.ActiveCfg = Release|Any CPU
		{87651512-2C32-4305-8780-E08F5E7B10DC}.Release|Any CPU.Build.0 = Release|Any CPU
		{87651512-2C32-4305-8780-E08F5E7B10DC}.Release|x64.ActiveCfg = Release|Any CPU
		{87651512-2C32-4305-8780-E08F5E7B10DC}.Release|x64.Build.0 = Release|Any CPU
		{87651512-2C32-4305-8780-E08F5E7B10DC}.Release|x86.ActiveCfg = Release|Any CPU
		{87651512-2C32-4305-8780-E08F5E7B10DC}.Release|x86.Build.0 = Release|Any CPU
	EndGlobalSection
EndGlobal
